
Microsoft Visual Studio Solution File, Format Version 12.00
# Visual Studio 15
VisualStudioVersion = 15.0.26228.4
MinimumVisualStudioVersion = 10.0.40219.1
Project("{FAE04EC0-301F-11D3-BF4B-00C04F79EFBC}") = "Example13", "Example13.csproj", "{B72053D0-7E03-416E-B0ED-C34FC81C02F5}"
EndProject
Global
	GlobalSection(SolutionConfigurationPlatforms) = preSolution
		Debug|Any CPU = Debug|Any CPU
		Release|Any CPU = Release|Any CPU
	EndGlobalSection
	GlobalSection(ProjectConfigurationPlatforms) = postSolution
		{B72053D0-7E03-416E-B0ED-C34FC81C02F5}.Debug|Any CPU.ActiveCfg = Debug|Any CPU
		{B72053D0-7E03-416E-B0ED-C34FC81C02F5}.Debug|Any CPU.Build.0 = Debug|Any CPU
		{B72053D0-7E03-416E-B0ED-C34FC81C02F5}.Release|Any CPU.ActiveCfg = Release|Any CPU
		{B72053D0-7E03-416E-B0ED-C34FC81C02F5}.Release|Any CPU.Build.0 = Release|Any CPU
	EndGlobalSection
	GlobalSection(SolutionProperties) = preSolution
		HideSolutionNode = FALSE
	EndGlobalSection
EndGlobal
